// !$*UTF8*$!
{
	archiveVersion = 1;
	classes = {
	};
	objectVersion = 55;
	objects = {

/* Begin PBXBuildFile section */
		992F32D7289059B90094667C /* AppDelegate.swift in Sources */ = {isa = PBXBuildFile; fileRef = 992F32D6289059B90094667C /* AppDelegate.swift */; };
		992F32D9289059B90094667C /* SceneDelegate.swift in Sources */ = {isa = PBXBuildFile; fileRef = 992F32D8289059B90094667C /* SceneDelegate.swift */; };
		992F32DB289059B90094667C /* ListViewController.swift in Sources */ = {isa = PBXBuildFile; fileRef = 992F32DA289059B90094667C /* ListViewController.swift */; };
		992F32DE289059B90094667C /* Main.storyboard in Resources */ = {isa = PBXBuildFile; fileRef = 992F32DC289059B90094667C /* Main.storyboard */; };
		992F32E0289059BA0094667C /* Assets.xcassets in Resources */ = {isa = PBXBuildFile; fileRef = 992F32DF289059BA0094667C /* Assets.xcassets */; };
		992F32E3289059BA0094667C /* LaunchScreen.storyboard in Resources */ = {isa = PBXBuildFile; fileRef = 992F32E1289059BA0094667C /* LaunchScreen.storyboard */; };
		992F32EB28905C490094667C /* DataSourse.swift in Sources */ = {isa = PBXBuildFile; fileRef = 992F32EA28905C490094667C /* DataSourse.swift */; };
		99DE920328916BF6007B13CC /* Model.swift in Sources */ = {isa = PBXBuildFile; fileRef = 99DE920228916BF6007B13CC /* Model.swift */; };
		99DE920828917281007B13CC /* ListTableViewController.swift in Sources */ = {isa = PBXBuildFile; fileRef = 99DE920728917281007B13CC /* ListTableViewController.swift */; };
		99DE920A28917367007B13CC /* TabBarViewController.swift in Sources */ = {isa = PBXBuildFile; fileRef = 99DE920928917367007B13CC /* TabBarViewController.swift */; };
		99DE920C289173F8007B13CC /* ListTableViewCell.swift in Sources */ = {isa = PBXBuildFile; fileRef = 99DE920B289173F8007B13CC /* ListTableViewCell.swift */; };
/* End PBXBuildFile section */

/* Begin PBXFileReference section */
		992F32D3289059B90094667C /* TeamApp.app */ = {isa = PBXFileReference; explicitFileType = wrapper.application; includeInIndex = 0; path = TeamApp.app; sourceTree = BUILT_PRODUCTS_DIR; };
		992F32D6289059B90094667C /* AppDelegate.swift */ = {isa = PBXFileReference; lastKnownFileType = sourcecode.swift; path = AppDelegate.swift; sourceTree = "<group>"; };
		992F32D8289059B90094667C /* SceneDelegate.swift */ = {isa = PBXFileReference; lastKnownFileType = sourcecode.swift; path = SceneDelegate.swift; sourceTree = "<group>"; };
		992F32DA289059B90094667C /* ListViewController.swift */ = {isa = PBXFileReference; lastKnownFileType = sourcecode.swift; path = ListViewController.swift; sourceTree = "<group>"; };
		992F32DD289059B90094667C /* Base */ = {isa = PBXFileReference; lastKnownFileType = file.storyboard; name = Base; path = Base.lproj/Main.storyboard; sourceTree = "<group>"; };
		992F32DF289059BA0094667C /* Assets.xcassets */ = {isa = PBXFileReference; lastKnownFileType = folder.assetcatalog; path = Assets.xcassets; sourceTree = "<group>"; };
		992F32E2289059BA0094667C /* Base */ = {isa = PBXFileReference; lastKnownFileType = file.storyboard; name = Base; path = Base.lproj/LaunchScreen.storyboard; sourceTree = "<group>"; };
		992F32E4289059BA0094667C /* Info.plist */ = {isa = PBXFileReference; lastKnownFileType = text.plist.xml; path = Info.plist; sourceTree = "<group>"; };
		992F32EA28905C490094667C /* DataSourse.swift */ = {isa = PBXFileReference; lastKnownFileType = sourcecode.swift; path = DataSourse.swift; sourceTree = "<group>"; };
		99DE920228916BF6007B13CC /* Model.swift */ = {isa = PBXFileReference; lastKnownFileType = sourcecode.swift; path = Model.swift; sourceTree = "<group>"; };
		99DE920728917281007B13CC /* ListTableViewController.swift */ = {isa = PBXFileReference; lastKnownFileType = sourcecode.swift; path = ListTableViewController.swift; sourceTree = "<group>"; };
		99DE920928917367007B13CC /* TabBarViewController.swift */ = {isa = PBXFileReference; lastKnownFileType = sourcecode.swift; path = TabBarViewController.swift; sourceTree = "<group>"; };
		99DE920B289173F8007B13CC /* ListTableViewCell.swift */ = {isa = PBXFileReference; lastKnownFileType = sourcecode.swift; path = ListTableViewCell.swift; sourceTree = "<group>"; };
/* End PBXFileReference section */

/* Begin PBXFrameworksBuildPhase section */
		992F32D0289059B90094667C /* Frameworks */ = {
			isa = PBXFrameworksBuildPhase;
			buildActionMask = 2147483647;
			files = (
			);
			runOnlyForDeploymentPostprocessing = 0;
		};
/* End PBXFrameworksBuildPhase section */

/* Begin PBXGroup section */
		992F32CA289059B90094667C = {
			isa = PBXGroup;
			children = (
				992F32D5289059B90094667C /* TeamApp */,
				992F32D4289059B90094667C /* Products */,
			);
			sourceTree = "<group>";
		};
		992F32D4289059B90094667C /* Products */ = {
			isa = PBXGroup;
			children = (
				992F32D3289059B90094667C /* TeamApp.app */,
			);
			name = Products;
			sourceTree = "<group>";
		};
		992F32D5289059B90094667C /* TeamApp */ = {
			isa = PBXGroup;
			children = (
				99DE920428916BFB007B13CC /* Models */,
				99DE91FF28916BB7007B13CC /* App */,
				99DE920028916BD4007B13CC /* ViewControllers */,
				99DE920128916BE0007B13CC /* Data */,
				99DE920528916C2E007B13CC /* StoryBoards */,
				99DE920628916C39007B13CC /* Resourses */,
			);
			path = TeamApp;
			sourceTree = "<group>";
		};
		99DE91FF28916BB7007B13CC /* App */ = {
			isa = PBXGroup;
			children = (
				992F32D6289059B90094667C /* AppDelegate.swift */,
				992F32D8289059B90094667C /* SceneDelegate.swift */,
				992F32E4289059BA0094667C /* Info.plist */,
			);
			path = App;
			sourceTree = "<group>";
		};
		99DE920028916BD4007B13CC /* ViewControllers */ = {
			isa = PBXGroup;
			children = (
				99DE920928917367007B13CC /* TabBarViewController.swift */,
				99DE920D2891745F007B13CC /* List */,
			);
			path = ViewControllers;
			sourceTree = "<group>";
		};
		99DE920128916BE0007B13CC /* Data */ = {
			isa = PBXGroup;
			children = (
				992F32EA28905C490094667C /* DataSourse.swift */,
			);
			path = Data;
			sourceTree = "<group>";
		};
		99DE920428916BFB007B13CC /* Models */ = {
			isa = PBXGroup;
			children = (
				99DE920228916BF6007B13CC /* Model.swift */,
			);
			name = Models;
			path = ..;
			sourceTree = "<group>";
		};
		99DE920528916C2E007B13CC /* StoryBoards */ = {
			isa = PBXGroup;
			children = (
				992F32E1289059BA0094667C /* LaunchScreen.storyboard */,
				992F32DC289059B90094667C /* Main.storyboard */,
			);
			path = StoryBoards;
			sourceTree = "<group>";
		};
		99DE920628916C39007B13CC /* Resourses */ = {
			isa = PBXGroup;
			children = (
				992F32DF289059BA0094667C /* Assets.xcassets */,
			);
			path = Resourses;
			sourceTree = "<group>";
		};
		99DE920D2891745F007B13CC /* List */ = {
			isa = PBXGroup;
			children = (
				99DE920728917281007B13CC /* ListTableViewController.swift */,
				99DE920B289173F8007B13CC /* ListTableViewCell.swift */,
				992F32DA289059B90094667C /* ListViewController.swift */,
			);
			path = List;
			sourceTree = "<group>";
		};
/* End PBXGroup section */

/* Begin PBXNativeTarget section */
		992F32D2289059B90094667C /* TeamApp */ = {
			isa = PBXNativeTarget;
			buildConfigurationList = 992F32E7289059BA0094667C /* Build configuration list for PBXNativeTarget "TeamApp" */;
			buildPhases = (
				992F32CF289059B90094667C /* Sources */,
				992F32D0289059B90094667C /* Frameworks */,
				992F32D1289059B90094667C /* Resources */,
			);
			buildRules = (
			);
			dependencies = (
			);
			name = TeamApp;
			productName = TeamApp;
			productReference = 992F32D3289059B90094667C /* TeamApp.app */;
			productType = "com.apple.product-type.application";
		};
/* End PBXNativeTarget section */

/* Begin PBXProject section */
		992F32CB289059B90094667C /* Project object */ = {
			isa = PBXProject;
			attributes = {
				BuildIndependentTargetsInParallel = 1;
				LastSwiftUpdateCheck = 1340;
				LastUpgradeCheck = 1340;
				TargetAttributes = {
					992F32D2289059B90094667C = {
						CreatedOnToolsVersion = 13.4.1;
					};
				};
			};
			buildConfigurationList = 992F32CE289059B90094667C /* Build configuration list for PBXProject "TeamApp" */;
			compatibilityVersion = "Xcode 13.0";
			developmentRegion = en;
			hasScannedForEncodings = 0;
			knownRegions = (
				en,
				Base,
			);
			mainGroup = 992F32CA289059B90094667C;
			productRefGroup = 992F32D4289059B90094667C /* Products */;
			projectDirPath = "";
			projectRoot = "";
			targets = (
				992F32D2289059B90094667C /* TeamApp */,
			);
		};
/* End PBXProject section */

/* Begin PBXResourcesBuildPhase section */
		992F32D1289059B90094667C /* Resources */ = {
			isa = PBXResourcesBuildPhase;
			buildActionMask = 2147483647;
			files = (
				992F32E3289059BA0094667C /* LaunchScreen.storyboard in Resources */,
				992F32E0289059BA0094667C /* Assets.xcassets in Resources */,
				992F32DE289059B90094667C /* Main.storyboard in Resources */,
			);
			runOnlyForDeploymentPostprocessing = 0;
		};
/* End PBXResourcesBuildPhase section */

/* Begin PBXSourcesBuildPhase section */
		992F32CF289059B90094667C /* Sources */ = {
			isa = PBXSourcesBuildPhase;
			buildActionMask = 2147483647;
			files = (
				992F32DB289059B90094667C /* ListViewController.swift in Sources */,
				992F32D7289059B90094667C /* AppDelegate.swift in Sources */,
				99DE920328916BF6007B13CC /* Model.swift in Sources */,
				99DE920828917281007B13CC /* ListTableViewController.swift in Sources */,
				99DE920A28917367007B13CC /* TabBarViewController.swift in Sources */,
				992F32EB28905C490094667C /* DataSourse.swift in Sources */,
				99DE920C289173F8007B13CC /* ListTableViewCell.swift in Sources */,
				992F32D9289059B90094667C /* SceneDelegate.swift in Sources */,
			);
			runOnlyForDeploymentPostprocessing = 0;
		};
/* End PBXSourcesBuildPhase section */

/* Begin PBXVariantGroup section */
		992F32DC289059B90094667C /* Main.storyboard */ = {
			isa = PBXVariantGroup;
			children = (
				992F32DD289059B90094667C /* Base */,
			);
			name = Main.storyboard;
			sourceTree = "<group>";
		};
		992F32E1289059BA0094667C /* LaunchScreen.storyboard */ = {
			isa = PBXVariantGroup;
			children = (
				992F32E2289059BA0094667C /* Base */,
			);
			name = LaunchScreen.storyboard;
			sourceTree = "<group>";
		};
/* End PBXVariantGroup section */

/* Begin XCBuildConfiguration section */
		992F32E5289059BA0094667C /* Debug */ = {
			isa = XCBuildConfiguration;
			buildSettings = {
				ALWAYS_SEARCH_USER_PATHS = NO;
				CLANG_ANALYZER_NONNULL = YES;
				CLANG_ANALYZER_NUMBER_OBJECT_CONVERSION = YES_AGGRESSIVE;
				CLANG_CXX_LANGUAGE_STANDARD = "gnu++17";
				CLANG_ENABLE_MODULES = YES;
				CLANG_ENABLE_OBJC_ARC = YES;
				CLANG_ENABLE_OBJC_WEAK = YES;
				CLANG_WARN_BLOCK_CAPTURE_AUTORELEASING = YES;
				CLANG_WARN_BOOL_CONVERSION = YES;
				CLANG_WARN_COMMA = YES;
				CLANG_WARN_CONSTANT_CONVERSION = YES;
				CLANG_WARN_DEPRECATED_OBJC_IMPLEMENTATIONS = YES;
				CLANG_WARN_DIRECT_OBJC_ISA_USAGE = YES_ERROR;
				CLANG_WARN_DOCUMENTATION_COMMENTS = YES;
				CLANG_WARN_EMPTY_BODY = YES;
				CLANG_WARN_ENUM_CONVERSION = YES;
				CLANG_WARN_INFINITE_RECURSION = YES;
				CLANG_WARN_INT_CONVERSION = YES;
				CLANG_WARN_NON_LITERAL_NULL_CONVERSION = YES;
				CLANG_WARN_OBJC_IMPLICIT_RETAIN_SELF = YES;
				CLANG_WARN_OBJC_LITERAL_CONVERSION = YES;
				CLANG_WARN_OBJC_ROOT_CLASS = YES_ERROR;
				CLANG_WARN_QUOTED_INCLUDE_IN_FRAMEWORK_HEADER = YES;
				CLANG_WARN_RANGE_LOOP_ANALYSIS = YES;
				CLANG_WARN_STRICT_PROTOTYPES = YES;
				CLANG_WARN_SUSPICIOUS_MOVE = YES;
				CLANG_WARN_UNGUARDED_AVAILABILITY = YES_AGGRESSIVE;
				CLANG_WARN_UNREACHABLE_CODE = YES;
				CLANG_WARN__DUPLICATE_METHOD_MATCH = YES;
				COPY_PHASE_STRIP = NO;
				DEBUG_INFORMATION_FORMAT = dwarf;
				ENABLE_STRICT_OBJC_MSGSEND = YES;
				ENABLE_TESTABILITY = YES;
				GCC_C_LANGUAGE_STANDARD = gnu11;
				GCC_DYNAMIC_NO_PIC = NO;
				GCC_NO_COMMON_BLOCKS = YES;
				GCC_OPTIMIZATION_LEVEL = 0;
				GCC_PREPROCESSOR_DEFINITIONS = (
					"DEBUG=1",
					"$(inherited)",
				);
				GCC_WARN_64_TO_32_BIT_CONVERSION = YES;
				GCC_WARN_ABOUT_RETURN_TYPE = YES_ERROR;
				GCC_WARN_UNDECLARED_SELECTOR = YES;
				GCC_WARN_UNINITIALIZED_AUTOS = YES_AGGRESSIVE;
				GCC_WARN_UNUSED_FUNCTION = YES;
				GCC_WARN_UNUSED_VARIABLE = YES;
				IPHONEOS_DEPLOYMENT_TARGET = 15.5;
				MTL_ENABLE_DEBUG_INFO = INCLUDE_SOURCE;
				MTL_FAST_MATH = YES;
				ONLY_ACTIVE_ARCH = YES;
				SDKROOT = iphoneos;
				SWIFT_ACTIVE_COMPILATION_CONDITIONS = DEBUG;
				SWIFT_OPTIMIZATION_LEVEL = "-Onone";
			};
			name = Debug;
		};
		992F32E6289059BA0094667C /* Release */ = {
			isa = XCBuildConfiguration;
			buildSettings = {
				ALWAYS_SEARCH_USER_PATHS = NO;
				CLANG_ANALYZER_NONNULL = YES;
				CLANG_ANALYZER_NUMBER_OBJECT_CONVERSION = YES_AGGRESSIVE;
				CLANG_CXX_LANGUAGE_STANDARD = "gnu++17";
				CLANG_ENABLE_MODULES = YES;
				CLANG_ENABLE_OBJC_ARC = YES;
				CLANG_ENABLE_OBJC_WEAK = YES;
				CLANG_WARN_BLOCK_CAPTURE_AUTORELEASING = YES;
				CLANG_WARN_BOOL_CONVERSION = YES;
				CLANG_WARN_COMMA = YES;
				CLANG_WARN_CONSTANT_CONVERSION = YES;
				CLANG_WARN_DEPRECATED_OBJC_IMPLEMENTATIONS = YES;
				CLANG_WARN_DIRECT_OBJC_ISA_USAGE = YES_ERROR;
				CLANG_WARN_DOCUMENTATION_COMMENTS = YES;
				CLANG_WARN_EMPTY_BODY = YES;
				CLANG_WARN_ENUM_CONVERSION = YES;
				CLANG_WARN_INFINITE_RECURSION = YES;
				CLANG_WARN_INT_CONVERSION = YES;
				CLANG_WARN_NON_LITERAL_NULL_CONVERSION = YES;
				CLANG_WARN_OBJC_IMPLICIT_RETAIN_SELF = YES;
				CLANG_WARN_OBJC_LITERAL_CONVERSION = YES;
				CLANG_WARN_OBJC_ROOT_CLASS = YES_ERROR;
				CLANG_WARN_QUOTED_INCLUDE_IN_FRAMEWORK_HEADER = YES;
				CLANG_WARN_RANGE_LOOP_ANALYSIS = YES;
				CLANG_WARN_STRICT_PROTOTYPES = YES;
				CLANG_WARN_SUSPICIOUS_MOVE = YES;
				CLANG_WARN_UNGUARDED_AVAILABILITY = YES_AGGRESSIVE;
				CLANG_WARN_UNREACHABLE_CODE = YES;
				CLANG_WARN__DUPLICATE_METHOD_MATCH = YES;
				COPY_PHASE_STRIP = NO;
				DEBUG_INFORMATION_FORMAT = "dwarf-with-dsym";
				ENABLE_NS_ASSERTIONS = NO;
				ENABLE_STRICT_OBJC_MSGSEND = YES;
				GCC_C_LANGUAGE_STANDARD = gnu11;
				GCC_NO_COMMON_BLOCKS = YES;
				GCC_WARN_64_TO_32_BIT_CONVERSION = YES;
				GCC_WARN_ABOUT_RETURN_TYPE = YES_ERROR;
				GCC_WARN_UNDECLARED_SELECTOR = YES;
				GCC_WARN_UNINITIALIZED_AUTOS = YES_AGGRESSIVE;
				GCC_WARN_UNUSED_FUNCTION = YES;
				GCC_WARN_UNUSED_VARIABLE = YES;
				IPHONEOS_DEPLOYMENT_TARGET = 15.5;
				MTL_ENABLE_DEBUG_INFO = NO;
				MTL_FAST_MATH = YES;
				SDKROOT = iphoneos;
				SWIFT_COMPILATION_MODE = wholemodule;
				SWIFT_OPTIMIZATION_LEVEL = "-O";
				VALIDATE_PRODUCT = YES;
			};
			name = Release;
		};
		992F32E8289059BA0094667C /* Debug */ = {
			isa = XCBuildConfiguration;
			buildSettings = {
				ASSETCATALOG_COMPILER_APPICON_NAME = AppIcon;
				ASSETCATALOG_COMPILER_GLOBAL_ACCENT_COLOR_NAME = AccentColor;
				CODE_SIGN_STYLE = Automatic;
				CURRENT_PROJECT_VERSION = 1;
				DEVELOPMENT_TEAM = 7FW6LGZVFW;
				GENERATE_INFOPLIST_FILE = YES;
				INFOPLIST_FILE = TeamApp/App/Info.plist;
				INFOPLIST_KEY_UIApplicationSupportsIndirectInputEvents = YES;
				INFOPLIST_KEY_UILaunchStoryboardName = LaunchScreen;
				INFOPLIST_KEY_UIMainStoryboardFile = Main;
				INFOPLIST_KEY_UISupportedInterfaceOrientations_iPad = "UIInterfaceOrientationPortrait UIInterfaceOrientationPortraitUpsideDown UIInterfaceOrientationLandscapeLeft UIInterfaceOrientationLandscapeRight";
				INFOPLIST_KEY_UISupportedInterfaceOrientations_iPhone = "UIInterfaceOrientationPortrait UIInterfaceOrientationLandscapeLeft UIInterfaceOrientationLandscapeRight";
				LD_RUNPATH_SEARCH_PATHS = (
					"$(inherited)",
					"@executable_path/Frameworks",
				);
				MARKETING_VERSION = 1.0;
				PRODUCT_BUNDLE_IDENTIFIER = "Daniil-Lebedev.TeamApp";
				PRODUCT_NAME = "$(TARGET_NAME)";
				SWIFT_EMIT_LOC_STRINGS = YES;
				SWIFT_VERSION = 5.0;
				TARGETED_DEVICE_FAMILY = "1,2";
			};
			name = Debug;
		};
		992F32E9289059BA0094667C /* Release */ = {
			isa = XCBuildConfiguration;
			buildSettings = {
				ASSETCATALOG_COMPILER_APPICON_NAME = AppIcon;
				ASSETCATALOG_COMPILER_GLOBAL_ACCENT_COLOR_NAME = AccentColor;
				CODE_SIGN_STYLE = Automatic;
				CURRENT_PROJECT_VERSION = 1;
				DEVELOPMENT_TEAM = 7FW6LGZVFW;
				GENERATE_INFOPLIST_FILE = YES;
				INFOPLIST_FILE = TeamApp/App/Info.plist;
				INFOPLIST_KEY_UIApplicationSupportsIndirectInputEvents = YES;
				INFOPLIST_KEY_UILaunchStoryboardName = LaunchScreen;
				INFOPLIST_KEY_UIMainStoryboardFile = Main;
				INFOPLIST_KEY_UISupportedInterfaceOrientations_iPad = "UIInterfaceOrientationPortrait UIInterfaceOrientationPortraitUpsideDown UIInterfaceOrientationLandscapeLeft UIInterfaceOrientationLandscapeRight";
				INFOPLIST_KEY_UISupportedInterfaceOrientations_iPhone = "UIInterfaceOrientationPortrait UIInterfaceOrientationLandscapeLeft UIInterfaceOrientationLandscapeRight";
				LD_RUNPATH_SEARCH_PATHS = (
					"$(inherited)",
					"@executable_path/Frameworks",
				);
				MARKETING_VERSION = 1.0;
				PRODUCT_BUNDLE_IDENTIFIER = "Daniil-Lebedev.TeamApp";
				PRODUCT_NAME = "$(TARGET_NAME)";
				SWIFT_EMIT_LOC_STRINGS = YES;
				SWIFT_VERSION = 5.0;
				TARGETED_DEVICE_FAMILY = "1,2";
			};
			name = Release;
		};
/* End XCBuildConfiguration section */

/* Begin XCConfigurationList section */
		992F32CE289059B90094667C /* Build configuration list for PBXProject "TeamApp" */ = {
			isa = XCConfigurationList;
			buildConfigurations = (
				992F32E5289059BA0094667C /* Debug */,
				992F32E6289059BA0094667C /* Release */,
			);
			defaultConfigurationIsVisible = 0;
			defaultConfigurationName = Release;
		};
		992F32E7289059BA0094667C /* Build configuration list for PBXNativeTarget "TeamApp" */ = {
			isa = XCConfigurationList;
			buildConfigurations = (
				992F32E8289059BA0094667C /* Debug */,
				992F32E9289059BA0094667C /* Release */,
			);
			defaultConfigurationIsVisible = 0;
			defaultConfigurationName = Release;
		};
/* End XCConfigurationList section */
	};
	rootObject = 992F32CB289059B90094667C /* Project object */;
}
